
Microsoft Visual Studio Solution File, Format Version 12.00
# Visual Studio Version 17
VisualStudioVersion = 17.14.36401.2 d17.14
MinimumVisualStudioVersion = 10.0.40219.1
Project("{FAE04EC0-301F-11D3-BF4B-00C04F79EFBC}") = "YoutubeVideoDownloader", "YoutubeVideoDownloader.csproj", "{B3AE535E-C0D0-4B80-A570-70B1455C38C9}"
EndProject
Global
	GlobalSection(SolutionConfigurationPlatforms) = preSolution
		Debug|Any CPU = Debug|Any CPU
		Release|Any CPU = Release|Any CPU
	EndGlobalSection
	GlobalSection(ProjectConfigurationPlatforms) = postSolution
		{B3AE535E-C0D0-4B80-A570-70B1455C38C9}.Debug|Any CPU.ActiveCfg = Debug|Any CPU
		{B3AE535E-C0D0-4B80-A570-70B1455C38C9}.Debug|Any CPU.Build.0 = Debug|Any CPU
		{B3AE535E-C0D0-4B80-A570-70B1455C38C9}.Release|Any CPU.ActiveCfg = Release|Any CPU
		{B3AE535E-C0D0-4B80-A570-70B1455C38C9}.Release|Any CPU.Build.0 = Release|Any CPU
	EndGlobalSection
	GlobalSection(SolutionProperties) = preSolution
		HideSolutionNode = FALSE
	EndGlobalSection
	GlobalSection(ExtensibilityGlobals) = postSolution
		SolutionGuid = {11FE3A99-A4C3-495F-87CB-CC4E835E1CB8}
	EndGlobalSection
EndGlobal
